{
  "name": "just-vibe",
  "version": "0.8.1",
  "lockfileVersion": 3,
  "requires": true,
  "packages": {
    "": {
      "name": "just-vibe",
      "version": "0.8.1",
      "bin": {
        "just-vibe": "bin/just-vibe.mjs"
      },
      "engines": {
        "node": ">=22"
      },
      "license": "MIT"
    }
  }
}
